
Microsoft Visual Studio Solution File, Format Version 12.00
# Visual Studio Version 17
VisualStudioVersion = 17.0.31903.59
MinimumVisualStudioVersion = 10.0.40219.1
Project("{FAE04EC0-301F-11D3-BF4B-00C04F79EFBC}") = "MC.WebApiService", "WebApiService\MC.WebApiService.csproj", "{B7EF04B7-77F6-4158-8A44-0FEBB840DE26}"
EndProject
Project("{FAE04EC0-301F-11D3-BF4B-00C04F79EFBC}") = "MC.Data", "Data\MC.Data.csproj", "{D583F455-4E39-43E4-B88D-68447E1D6969}"
EndProject
Global
	GlobalSection(SolutionConfigurationPlatforms) = preSolution
		Debug|Any CPU = Debug|Any CPU
		Release|Any CPU = Release|Any CPU
	EndGlobalSection
	GlobalSection(SolutionProperties) = preSolution
		HideSolutionNode = FALSE
	EndGlobalSection
	GlobalSection(ProjectConfigurationPlatforms) = postSolution
		{B7EF04B7-77F6-4158-8A44-0FEBB840DE26}.Debug|Any CPU.ActiveCfg = Debug|Any CPU
		{B7EF04B7-77F6-4158-8A44-0FEBB840DE26}.Debug|Any CPU.Build.0 = Debug|Any CPU
		{B7EF04B7-77F6-4158-8A44-0FEBB840DE26}.Release|Any CPU.ActiveCfg = Release|Any CPU
		{B7EF04B7-77F6-4158-8A44-0FEBB840DE26}.Release|Any CPU.Build.0 = Release|Any CPU
		{D583F455-4E39-43E4-B88D-68447E1D6969}.Debug|Any CPU.ActiveCfg = Debug|Any CPU
		{D583F455-4E39-43E4-B88D-68447E1D6969}.Debug|Any CPU.Build.0 = Debug|Any CPU
		{D583F455-4E39-43E4-B88D-68447E1D6969}.Release|Any CPU.ActiveCfg = Release|Any CPU
		{D583F455-4E39-43E4-B88D-68447E1D6969}.Release|Any CPU.Build.0 = Release|Any CPU
	EndGlobalSection
EndGlobal
